// !$*UTF8*$!
{
	archiveVersion = 1;
	classes = {
	};
	objectVersion = 77;
	objects = {

/* Begin PBXContainerItemProxy section */
		5CEFBCB62DBD5C6D0000D644 /* PBXContainerItemProxy */ = {
			isa = PBXContainerItemProxy;
			containerPortal = 5CEFBC9F2DBD5C6C0000D644 /* Project object */;
			proxyType = 1;
			remoteGlobalIDString = 5CEFBCA62DBD5C6C0000D644;
			remoteInfo = pomidor;
		};
		5CEFBCC02DBD5C6D0000D644 /* PBXContainerItemProxy */ = {
			isa = PBXContainerItemProxy;
			containerPortal = 5CEFBC9F2DBD5C6C0000D644 /* Project object */;
			proxyType = 1;
			remoteGlobalIDString = 5CEFBCA62DBD5C6C0000D644;
			remoteInfo = pomidor;
		};
/* End PBXContainerItemProxy section */

/* Begin PBXFileReference section */
		5CEFBCA72DBD5C6C0000D644 /* pomidor.app */ = {isa = PBXFileReference; explicitFileType = wrapper.application; includeInIndex = 0; path = pomidor.app; sourceTree = BUILT_PRODUCTS_DIR; };
		5CEFBCB52DBD5C6D0000D644 /* pomidorTests.xctest */ = {isa = PBXFileReference; explicitFileType = wrapper.cfbundle; includeInIndex = 0; path = pomidorTests.xctest; sourceTree = BUILT_PRODUCTS_DIR; };
		5CEFBCBF2DBD5C6D0000D644 /* pomidorUITests.xctest */ = {isa = PBXFileReference; explicitFileType = wrapper.cfbundle; includeInIndex = 0; path = pomidorUITests.xctest; sourceTree = BUILT_PRODUCTS_DIR; };
		5CEFBCD82DBD62580000D644 /* UIKit.framework */ = {isa = PBXFileReference; lastKnownFileType = wrapper.framework; name = UIKit.framework; path = Platforms/iPhoneOS.platform/Developer/SDKs/iPhoneOS18.4.sdk/System/Library/Frameworks/UIKit.framework; sourceTree = DEVELOPER_DIR; };
/* End PBXFileReference section */

/* Begin PBXFileSystemSynchronizedBuildFileExceptionSet section */
		5CEFBCE02DBD67390000D644 /* Exceptions for "pomidor" folder in "pomidor" target */ = {
			isa = PBXFileSystemSynchronizedBuildFileExceptionSet;
			membershipExceptions = (
				Info.plist,
			);
			target = 5CEFBCA62DBD5C6C0000D644 /* pomidor */;
		};
/* End PBXFileSystemSynchronizedBuildFileExceptionSet section */

/* Begin PBXFileSystemSynchronizedRootGroup section */
		5CEFBCA92DBD5C6C0000D644 /* pomidor */ = {
			isa = PBXFileSystemSynchronizedRootGroup;
			exceptions = (
				5CEFBCE02DBD67390000D644 /* Exceptions for "pomidor" folder in "pomidor" target */,
			);
			path = pomidor;
			sourceTree = "<group>";
		};
		5CEFBCB82DBD5C6D0000D644 /* pomidorTests */ = {
			isa = PBXFileSystemSynchronizedRootGroup;
			path = pomidorTests;
			sourceTree = "<group>";
		};
		5CEFBCC22DBD5C6D0000D644 /* pomidorUITests */ = {
			isa = PBXFileSystemSynchronizedRootGroup;
			path = pomidorUITests;
			sourceTree = "<group>";
		};
/* End PBXFileSystemSynchronizedRootGroup section */

/* Begin PBXFrameworksBuildPhase section */
		5CEFBCA42DBD5C6C0000D644 /* Frameworks */ = {
			isa = PBXFrameworksBuildPhase;
			buildActionMask = 2147483647;
			files = (
			);
			runOnlyForDeploymentPostprocessing = 0;
		};
		5CEFBCB22DBD5C6D0000D644 /* Frameworks */ = {
			isa = PBXFrameworksBuildPhase;
			buildActionMask = 2147483647;
			files = (
			);
			runOnlyForDeploymentPostprocessing = 0;
		};
		5CEFBCBC2DBD5C6D0000D644 /* Frameworks */ = {
			isa = PBXFrameworksBuildPhase;
			buildActionMask = 2147483647;
			files = (
			);
			runOnlyForDeploymentPostprocessing = 0;
		};
/* End PBXFrameworksBuildPhase section */

/* Begin PBXGroup section */
		5CEFBC9E2DBD5C6C0000D644 = {
			isa = PBXGroup;
			children = (
				5CEFBCA92DBD5C6C0000D644 /* pomidor */,
				5CEFBCB82DBD5C6D0000D644 /* pomidorTests */,
				5CEFBCC22DBD5C6D0000D644 /* pomidorUITests */,
				5CEFBCD72DBD62580000D644 /* Frameworks */,
				5CEFBCA82DBD5C6C0000D644 /* Products */,
			);
			sourceTree = "<group>";
		};
		5CEFBCA82DBD5C6C0000D644 /* Products */ = {
			isa = PBXGroup;
			children = (
				5CEFBCA72DBD5C6C0000D644 /* pomidor.app */,
				5CEFBCB52DBD5C6D0000D644 /* pomidorTests.xctest */,
				5CEFBCBF2DBD5C6D0000D644 /* pomidorUITests.xctest */,
			);
			name = Products;
			sourceTree = "<group>";
		};
		5CEFBCD72DBD62580000D644 /* Frameworks */ = {
			isa = PBXGroup;
			children = (
				5CEFBCD82DBD62580000D644 /* UIKit.framework */,
			);
			name = Frameworks;
			sourceTree = "<group>";
		};
/* End PBXGroup section */

/* Begin PBXNativeTarget section */
		5CEFBCA62DBD5C6C0000D644 /* pomidor */ = {
			isa = PBXNativeTarget;
			buildConfigurationList = 5CEFBCC92DBD5C6D0000D644 /* Build configuration list for PBXNativeTarget "pomidor" */;
			buildPhases = (
				5CEFBCA32DBD5C6C0000D644 /* Sources */,
				5CEFBCA42DBD5C6C0000D644 /* Frameworks */,
				5CEFBCA52DBD5C6C0000D644 /* Resources */,
			);
			buildRules = (
			);
			dependencies = (
			);
			fileSystemSynchronizedGroups = (
				5CEFBCA92DBD5C6C0000D644 /* pomidor */,
			);
			name = pomidor;
			packageProductDependencies = (
			);
			productName = pomidor;
			productReference = 5CEFBCA72DBD5C6C0000D644 /* pomidor.app */;
			productType = "com.apple.product-type.application";
		};
		5CEFBCB42DBD5C6D0000D644 /* pomidorTests */ = {
			isa = PBXNativeTarget;
			buildConfigurationList = 5CEFBCCC2DBD5C6D0000D644 /* Build configuration list for PBXNativeTarget "pomidorTests" */;
			buildPhases = (
				5CEFBCB12DBD5C6D0000D644 /* Sources */,
				5CEFBCB22DBD5C6D0000D644 /* Frameworks */,
				5CEFBCB32DBD5C6D0000D644 /* Resources */,
			);
			buildRules = (
			);
			dependencies = (
				5CEFBCB72DBD5C6D0000D644 /* PBXTargetDependency */,
			);
			fileSystemSynchronizedGroups = (
				5CEFBCB82DBD5C6D0000D644 /* pomidorTests */,
			);
			name = pomidorTests;
			packageProductDependencies = (
			);
			productName = pomidorTests;
			productReference = 5CEFBCB52DBD5C6D0000D644 /* pomidorTests.xctest */;
			productType = "com.apple.product-type.bundle.unit-test";
		};
		5CEFBCBE2DBD5C6D0000D644 /* pomidorUITests */ = {
			isa = PBXNativeTarget;
			buildConfigurationList = 5CEFBCCF2DBD5C6D0000D644 /* Build configuration list for PBXNativeTarget "pomidorUITests" */;
			buildPhases = (
				5CEFBCBB2DBD5C6D0000D644 /* Sources */,
				5CEFBCBC2DBD5C6D0000D644 /* Frameworks */,
				5CEFBCBD2DBD5C6D0000D644 /* Resources */,
			);
			buildRules = (
			);
			dependencies = (
				5CEFBCC12DBD5C6D0000D644 /* PBXTargetDependency */,
			);
			fileSystemSynchronizedGroups = (
				5CEFBCC22DBD5C6D0000D644 /* pomidorUITests */,
			);
			name = pomidorUITests;
			packageProductDependencies = (
			);
			productName = pomidorUITests;
			productReference = 5CEFBCBF2DBD5C6D0000D644 /* pomidorUITests.xctest */;
			productType = "com.apple.product-type.bundle.ui-testing";
		};
/* End PBXNativeTarget section */

/* Begin PBXProject section */
		5CEFBC9F2DBD5C6C0000D644 /* Project object */ = {
			isa = PBXProject;
			attributes = {
				BuildIndependentTargetsInParallel = 1;
				LastSwiftUpdateCheck = 1630;
				LastUpgradeCheck = 1630;
				TargetAttributes = {
					5CEFBCA62DBD5C6C0000D644 = {
						CreatedOnToolsVersion = 16.3;
					};
					5CEFBCB42DBD5C6D0000D644 = {
						CreatedOnToolsVersion = 16.3;
						TestTargetID = 5CEFBCA62DBD5C6C0000D644;
					};
					5CEFBCBE2DBD5C6D0000D644 = {
						CreatedOnToolsVersion = 16.3;
						TestTargetID = 5CEFBCA62DBD5C6C0000D644;
					};
				};
			};
			buildConfigurationList = 5CEFBCA22DBD5C6C0000D644 /* Build configuration list for PBXProject "pomidor" */;
			developmentRegion = en;
			hasScannedForEncodings = 0;
			knownRegions = (
				en,
				Base,
			);
			mainGroup = 5CEFBC9E2DBD5C6C0000D644;
			minimizedProjectReferenceProxies = 1;
			preferredProjectObjectVersion = 77;
			productRefGroup = 5CEFBCA82DBD5C6C0000D644 /* Products */;
			projectDirPath = "";
			projectRoot = "";
			targets = (
				5CEFBCA62DBD5C6C0000D644 /* pomidor */,
				5CEFBCB42DBD5C6D0000D644 /* pomidorTests */,
				5CEFBCBE2DBD5C6D0000D644 /* pomidorUITests */,
			);
		};
/* End PBXProject section */

/* Begin PBXResourcesBuildPhase section */
		5CEFBCA52DBD5C6C0000D644 /* Resources */ = {
			isa = PBXResourcesBuildPhase;
			buildActionMask = 2147483647;
			files = (
			);
			runOnlyForDeploymentPostprocessing = 0;
		};
		5CEFBCB32DBD5C6D0000D644 /* Resources */ = {
			isa = PBXResourcesBuildPhase;
			buildActionMask = 2147483647;
			files = (
			);
			runOnlyForDeploymentPostprocessing = 0;
		};
		5CEFBCBD2DBD5C6D0000D644 /* Resources */ = {
			isa = PBXResourcesBuildPhase;
			buildActionMask = 2147483647;
			files = (
			);
			runOnlyForDeploymentPostprocessing = 0;
		};
/* End PBXResourcesBuildPhase section */

/* Begin PBXSourcesBuildPhase section */
		5CEFBCA32DBD5C6C0000D644 /* Sources */ = {
			isa = PBXSourcesBuildPhase;
			buildActionMask = 2147483647;
			files = (
			);
			runOnlyForDeploymentPostprocessing = 0;
		};
		5CEFBCB12DBD5C6D0000D644 /* Sources */ = {
			isa = PBXSourcesBuildPhase;
			buildActionMask = 2147483647;
			files = (
			);
			runOnlyForDeploymentPostprocessing = 0;
		};
		5CEFBCBB2DBD5C6D0000D644 /* Sources */ = {
			isa = PBXSourcesBuildPhase;
			buildActionMask = 2147483647;
			files = (
			);
			runOnlyForDeploymentPostprocessing = 0;
		};
/* End PBXSourcesBuildPhase section */

/* Begin PBXTargetDependency section */
		5CEFBCB72DBD5C6D0000D644 /* PBXTargetDependency */ = {
			isa = PBXTargetDependency;
			target = 5CEFBCA62DBD5C6C0000D644 /* pomidor */;
			targetProxy = 5CEFBCB62DBD5C6D0000D644 /* PBXContainerItemProxy */;
		};
		5CEFBCC12DBD5C6D0000D644 /* PBXTargetDependency */ = {
			isa = PBXTargetDependency;
			target = 5CEFBCA62DBD5C6C0000D644 /* pomidor */;
			targetProxy = 5CEFBCC02DBD5C6D0000D644 /* PBXContainerItemProxy */;
		};
/* End PBXTargetDependency section */

/* Begin XCBuildConfiguration section */
		5CEFBCC72DBD5C6D0000D644 /* Debug */ = {
			isa = XCBuildConfiguration;
			buildSettings = {
				ALWAYS_SEARCH_USER_PATHS = NO;
				ASSETCATALOG_COMPILER_GENERATE_SWIFT_ASSET_SYMBOL_EXTENSIONS = YES;
				CLANG_ANALYZER_NONNULL = YES;
				CLANG_ANALYZER_NUMBER_OBJECT_CONVERSION = YES_AGGRESSIVE;
				CLANG_CXX_LANGUAGE_STANDARD = "gnu++20";
				CLANG_ENABLE_MODULES = YES;
				CLANG_ENABLE_OBJC_ARC = YES;
				CLANG_ENABLE_OBJC_WEAK = YES;
				CLANG_WARN_BLOCK_CAPTURE_AUTORELEASING = YES;
				CLANG_WARN_BOOL_CONVERSION = YES;
				CLANG_WARN_COMMA = YES;
				CLANG_WARN_CONSTANT_CONVERSION = YES;
				CLANG_WARN_DEPRECATED_OBJC_IMPLEMENTATIONS = YES;
				CLANG_WARN_DIRECT_OBJC_ISA_USAGE = YES_ERROR;
				CLANG_WARN_DOCUMENTATION_COMMENTS = YES;
				CLANG_WARN_EMPTY_BODY = YES;
				CLANG_WARN_ENUM_CONVERSION = YES;
				CLANG_WARN_INFINITE_RECURSION = YES;
				CLANG_WARN_INT_CONVERSION = YES;
				CLANG_WARN_NON_LITERAL_NULL_CONVERSION = YES;
				CLANG_WARN_OBJC_IMPLICIT_RETAIN_SELF = YES;
				CLANG_WARN_OBJC_LITERAL_CONVERSION = YES;
				CLANG_WARN_OBJC_ROOT_CLASS = YES_ERROR;
				CLANG_WARN_QUOTED_INCLUDE_IN_FRAMEWORK_HEADER = YES;
				CLANG_WARN_RANGE_LOOP_ANALYSIS = YES;
				CLANG_WARN_STRICT_PROTOTYPES = YES;
				CLANG_WARN_SUSPICIOUS_MOVE = YES;
				CLANG_WARN_UNGUARDED_AVAILABILITY = YES_AGGRESSIVE;
				CLANG_WARN_UNREACHABLE_CODE = YES;
				CLANG_WARN__DUPLICATE_METHOD_MATCH = YES;
				COPY_PHASE_STRIP = NO;
				DEBUG_INFORMATION_FORMAT = dwarf;
				ENABLE_STRICT_OBJC_MSGSEND = YES;
				ENABLE_TESTABILITY = YES;
				ENABLE_USER_SCRIPT_SANDBOXING = YES;
				GCC_C_LANGUAGE_STANDARD = gnu17;
				GCC_DYNAMIC_NO_PIC = NO;
				GCC_NO_COMMON_BLOCKS = YES;
				GCC_OPTIMIZATION_LEVEL = 0;
				GCC_PREPROCESSOR_DEFINITIONS = (
					"DEBUG=1",
					"$(inherited)",
				);
				GCC_WARN_64_TO_32_BIT_CONVERSION = YES;
				GCC_WARN_ABOUT_RETURN_TYPE = YES_ERROR;
				GCC_WARN_UNDECLARED_SELECTOR = YES;
				GCC_WARN_UNINITIALIZED_AUTOS = YES_AGGRESSIVE;
				GCC_WARN_UNUSED_FUNCTION = YES;
				GCC_WARN_UNUSED_VARIABLE = YES;
				LOCALIZATION_PREFERS_STRING_CATALOGS = YES;
				MTL_ENABLE_DEBUG_INFO = INCLUDE_SOURCE;
				MTL_FAST_MATH = YES;
				ONLY_ACTIVE_ARCH = YES;
				REGISTER_APP_GROUPS = YES;
				SWIFT_ACTIVE_COMPILATION_CONDITIONS = "DEBUG $(inherited)";
				SWIFT_OPTIMIZATION_LEVEL = "-Onone";
			};
			name = Debug;
		};
		5CEFBCC82DBD5C6D0000D644 /* Release */ = {
			isa = XCBuildConfiguration;
			buildSettings = {
				ALWAYS_SEARCH_USER_PATHS = NO;
				ASSETCATALOG_COMPILER_GENERATE_SWIFT_ASSET_SYMBOL_EXTENSIONS = YES;
				CLANG_ANALYZER_NONNULL = YES;
				CLANG_ANALYZER_NUMBER_OBJECT_CONVERSION = YES_AGGRESSIVE;
				CLANG_CXX_LANGUAGE_STANDARD = "gnu++20";
				CLANG_ENABLE_MODULES = YES;
				CLANG_ENABLE_OBJC_ARC = YES;
				CLANG_ENABLE_OBJC_WEAK = YES;
				CLANG_WARN_BLOCK_CAPTURE_AUTORELEASING = YES;
				CLANG_WARN_BOOL_CONVERSION = YES;
				CLANG_WARN_COMMA = YES;
				CLANG_WARN_CONSTANT_CONVERSION = YES;
				CLANG_WARN_DEPRECATED_OBJC_IMPLEMENTATIONS = YES;
				CLANG_WARN_DIRECT_OBJC_ISA_USAGE = YES_ERROR;
				CLANG_WARN_DOCUMENTATION_COMMENTS = YES;
				CLANG_WARN_EMPTY_BODY = YES;
				CLANG_WARN_ENUM_CONVERSION = YES;
				CLANG_WARN_INFINITE_RECURSION = YES;
				CLANG_WARN_INT_CONVERSION = YES;
				CLANG_WARN_NON_LITERAL_NULL_CONVERSION = YES;
				CLANG_WARN_OBJC_IMPLICIT_RETAIN_SELF = YES;
				CLANG_WARN_OBJC_LITERAL_CONVERSION = YES;
				CLANG_WARN_OBJC_ROOT_CLASS = YES_ERROR;
				CLANG_WARN_QUOTED_INCLUDE_IN_FRAMEWORK_HEADER = YES;
				CLANG_WARN_RANGE_LOOP_ANALYSIS = YES;
				CLANG_WARN_STRICT_PROTOTYPES = YES;
				CLANG_WARN_SUSPICIOUS_MOVE = YES;
				CLANG_WARN_UNGUARDED_AVAILABILITY = YES_AGGRESSIVE;
				CLANG_WARN_UNREACHABLE_CODE = YES;
				CLANG_WARN__DUPLICATE_METHOD_MATCH = YES;
				COPY_PHASE_STRIP = NO;
				DEBUG_INFORMATION_FORMAT = "dwarf-with-dsym";
				ENABLE_NS_ASSERTIONS = NO;
				ENABLE_STRICT_OBJC_MSGSEND = YES;
				ENABLE_USER_SCRIPT_SANDBOXING = YES;
				GCC_C_LANGUAGE_STANDARD = gnu17;
				GCC_NO_COMMON_BLOCKS = YES;
				GCC_WARN_64_TO_32_BIT_CONVERSION = YES;
				GCC_WARN_ABOUT_RETURN_TYPE = YES_ERROR;
				GCC_WARN_UNDECLARED_SELECTOR = YES;
				GCC_WARN_UNINITIALIZED_AUTOS = YES_AGGRESSIVE;
				GCC_WARN_UNUSED_FUNCTION = YES;
				GCC_WARN_UNUSED_VARIABLE = YES;
				LOCALIZATION_PREFERS_STRING_CATALOGS = YES;
				MTL_ENABLE_DEBUG_INFO = NO;
				MTL_FAST_MATH = YES;
				REGISTER_APP_GROUPS = YES;
				SWIFT_COMPILATION_MODE = wholemodule;
			};
			name = Release;
		};
		5CEFBCCA2DBD5C6D0000D644 /* Debug */ = {
			isa = XCBuildConfiguration;
			buildSettings = {
				ASSETCATALOG_COMPILER_APPICON_NAME = AppIcon;
				ASSETCATALOG_COMPILER_GLOBAL_ACCENT_COLOR_NAME = AccentColor;
				CODE_SIGN_IDENTITY = "Apple Development";
				CODE_SIGN_STYLE = Automatic;
				CURRENT_PROJECT_VERSION = 1;
				DEVELOPMENT_TEAM = 7GXAQN94JN;
				ENABLE_PREVIEWS = YES;
				GENERATE_INFOPLIST_FILE = YES;
				INFOPLIST_FILE = pomidor/Info.plist;
				INFOPLIST_KEY_NSCameraUsageDescription = "Capture movie titles";
				"INFOPLIST_KEY_UIApplicationSceneManifest_Generation[sdk=iphoneos*]" = YES;
				"INFOPLIST_KEY_UIApplicationSceneManifest_Generation[sdk=iphonesimulator*]" = YES;
				"INFOPLIST_KEY_UIApplicationSupportsIndirectInputEvents[sdk=iphoneos*]" = YES;
				"INFOPLIST_KEY_UIApplicationSupportsIndirectInputEvents[sdk=iphonesimulator*]" = YES;
				"INFOPLIST_KEY_UILaunchScreen_Generation[sdk=iphoneos*]" = YES;
				"INFOPLIST_KEY_UILaunchScreen_Generation[sdk=iphonesimulator*]" = YES;
				"INFOPLIST_KEY_UIStatusBarStyle[sdk=iphoneos*]" = UIStatusBarStyleDefault;
				"INFOPLIST_KEY_UIStatusBarStyle[sdk=iphonesimulator*]" = UIStatusBarStyleDefault;
				INFOPLIST_KEY_UISupportedInterfaceOrientations_iPad = "UIInterfaceOrientationPortrait UIInterfaceOrientationPortraitUpsideDown UIInterfaceOrientationLandscapeLeft UIInterfaceOrientationLandscapeRight";
				INFOPLIST_KEY_UISupportedInterfaceOrientations_iPhone = "UIInterfaceOrientationPortrait UIInterfaceOrientationLandscapeLeft UIInterfaceOrientationLandscapeRight";
				IPHONEOS_DEPLOYMENT_TARGET = 18.0;
				LD_RUNPATH_SEARCH_PATHS = "@executable_path/Frameworks";
				"LD_RUNPATH_SEARCH_PATHS[sdk=macosx*]" = "@executable_path/../Frameworks";
				MACOSX_DEPLOYMENT_TARGET = 15.4;
				MARKETING_VERSION = 1.0;
				PRODUCT_BUNDLE_IDENTIFIER = sshlyk.pomidor;
				PRODUCT_NAME = "$(TARGET_NAME)";
				PROVISIONING_PROFILE_SPECIFIER = "";
				REGISTER_APP_GROUPS = YES;
				SDKROOT = auto;
				SUPPORTED_PLATFORMS = "iphoneos iphonesimulator macosx xros xrsimulator";
				SWIFT_EMIT_LOC_STRINGS = YES;
				SWIFT_VERSION = 5.0;
				TARGETED_DEVICE_FAMILY = "1,2,7";
				XROS_DEPLOYMENT_TARGET = 2.4;
			};
			name = Debug;
		};
		5CEFBCCB2DBD5C6D0000D644 /* Release */ = {
			isa = XCBuildConfiguration;
			buildSettings = {
				ASSETCATALOG_COMPILER_APPICON_NAME = AppIcon;
				ASSETCATALOG_COMPILER_GLOBAL_ACCENT_COLOR_NAME = AccentColor;
				CODE_SIGN_IDENTITY = "Apple Development";
				CODE_SIGN_STYLE = Automatic;
				CURRENT_PROJECT_VERSION = 1;
				DEVELOPMENT_TEAM = 7GXAQN94JN;
				ENABLE_PREVIEWS = YES;
				GENERATE_INFOPLIST_FILE = YES;
				INFOPLIST_FILE = pomidor/Info.plist;
				INFOPLIST_KEY_NSCameraUsageDescription = "Capture movie titles";
				"INFOPLIST_KEY_UIApplicationSceneManifest_Generation[sdk=iphoneos*]" = YES;
				"INFOPLIST_KEY_UIApplicationSceneManifest_Generation[sdk=iphonesimulator*]" = YES;
				"INFOPLIST_KEY_UIApplicationSupportsIndirectInputEvents[sdk=iphoneos*]" = YES;
				"INFOPLIST_KEY_UIApplicationSupportsIndirectInputEvents[sdk=iphonesimulator*]" = YES;
				"INFOPLIST_KEY_UILaunchScreen_Generation[sdk=iphoneos*]" = YES;
				"INFOPLIST_KEY_UILaunchScreen_Generation[sdk=iphonesimulator*]" = YES;
				"INFOPLIST_KEY_UIStatusBarStyle[sdk=iphoneos*]" = UIStatusBarStyleDefault;
				"INFOPLIST_KEY_UIStatusBarStyle[sdk=iphonesimulator*]" = UIStatusBarStyleDefault;
				INFOPLIST_KEY_UISupportedInterfaceOrientations_iPad = "UIInterfaceOrientationPortrait UIInterfaceOrientationPortraitUpsideDown UIInterfaceOrientationLandscapeLeft UIInterfaceOrientationLandscapeRight";
				INFOPLIST_KEY_UISupportedInterfaceOrientations_iPhone = "UIInterfaceOrientationPortrait UIInterfaceOrientationLandscapeLeft UIInterfaceOrientationLandscapeRight";
				IPHONEOS_DEPLOYMENT_TARGET = 18.0;
				LD_RUNPATH_SEARCH_PATHS = "@executable_path/Frameworks";
				"LD_RUNPATH_SEARCH_PATHS[sdk=macosx*]" = "@executable_path/../Frameworks";
				MACOSX_DEPLOYMENT_TARGET = 15.4;
				MARKETING_VERSION = 1.0;
				PRODUCT_BUNDLE_IDENTIFIER = sshlyk.pomidor;
				PRODUCT_NAME = "$(TARGET_NAME)";
				PROVISIONING_PROFILE_SPECIFIER = "";
				REGISTER_APP_GROUPS = YES;
				SDKROOT = auto;
				SUPPORTED_PLATFORMS = "iphoneos iphonesimulator macosx xros xrsimulator";
				SWIFT_EMIT_LOC_STRINGS = YES;
				SWIFT_VERSION = 5.0;
				TARGETED_DEVICE_FAMILY = "1,2,7";
				XROS_DEPLOYMENT_TARGET = 2.4;
			};
			name = Release;
		};
		5CEFBCCD2DBD5C6D0000D644 /* Debug */ = {
			isa = XCBuildConfiguration;
			buildSettings = {
				BUNDLE_LOADER = "$(TEST_HOST)";
				CODE_SIGN_STYLE = Automatic;
				CURRENT_PROJECT_VERSION = 1;
				GENERATE_INFOPLIST_FILE = YES;
				IPHONEOS_DEPLOYMENT_TARGET = 18.4;
				MACOSX_DEPLOYMENT_TARGET = 15.4;
				MARKETING_VERSION = 1.0;
				PRODUCT_BUNDLE_IDENTIFIER = sshlyk.pomidorTests;
				PRODUCT_NAME = "$(TARGET_NAME)";
				SDKROOT = auto;
				SUPPORTED_PLATFORMS = "iphoneos iphonesimulator macosx xros xrsimulator";
				SWIFT_EMIT_LOC_STRINGS = NO;
				SWIFT_VERSION = 5.0;
				TARGETED_DEVICE_FAMILY = "1,2,7";
				TEST_HOST = "$(BUILT_PRODUCTS_DIR)/pomidor.app/$(BUNDLE_EXECUTABLE_FOLDER_PATH)/pomidor";
				XROS_DEPLOYMENT_TARGET = 2.4;
			};
			name = Debug;
		};
		5CEFBCCE2DBD5C6D0000D644 /* Release */ = {
			isa = XCBuildConfiguration;
			buildSettings = {
				BUNDLE_LOADER = "$(TEST_HOST)";
				CODE_SIGN_STYLE = Automatic;
				CURRENT_PROJECT_VERSION = 1;
				GENERATE_INFOPLIST_FILE = YES;
				IPHONEOS_DEPLOYMENT_TARGET = 18.4;
				MACOSX_DEPLOYMENT_TARGET = 15.4;
				MARKETING_VERSION = 1.0;
				PRODUCT_BUNDLE_IDENTIFIER = sshlyk.pomidorTests;
				PRODUCT_NAME = "$(TARGET_NAME)";
				SDKROOT = auto;
				SUPPORTED_PLATFORMS = "iphoneos iphonesimulator macosx xros xrsimulator";
				SWIFT_EMIT_LOC_STRINGS = NO;
				SWIFT_VERSION = 5.0;
				TARGETED_DEVICE_FAMILY = "1,2,7";
				TEST_HOST = "$(BUILT_PRODUCTS_DIR)/pomidor.app/$(BUNDLE_EXECUTABLE_FOLDER_PATH)/pomidor";
				XROS_DEPLOYMENT_TARGET = 2.4;
			};
			name = Release;
		};
		5CEFBCD02DBD5C6D0000D644 /* Debug */ = {
			isa = XCBuildConfiguration;
			buildSettings = {
				CODE_SIGN_STYLE = Automatic;
				CURRENT_PROJECT_VERSION = 1;
				GENERATE_INFOPLIST_FILE = YES;
				IPHONEOS_DEPLOYMENT_TARGET = 18.4;
				MACOSX_DEPLOYMENT_TARGET = 15.4;
				MARKETING_VERSION = 1.0;
				PRODUCT_BUNDLE_IDENTIFIER = sshlyk.pomidorUITests;
				PRODUCT_NAME = "$(TARGET_NAME)";
				SDKROOT = auto;
				SUPPORTED_PLATFORMS = "iphoneos iphonesimulator macosx xros xrsimulator";
				SWIFT_EMIT_LOC_STRINGS = NO;
				SWIFT_VERSION = 5.0;
				TARGETED_DEVICE_FAMILY = "1,2,7";
				TEST_TARGET_NAME = pomidor;
				XROS_DEPLOYMENT_TARGET = 2.4;
			};
			name = Debug;
		};
		5CEFBCD12DBD5C6D0000D644 /* Release */ = {
			isa = XCBuildConfiguration;
			buildSettings = {
				CODE_SIGN_STYLE = Automatic;
				CURRENT_PROJECT_VERSION = 1;
				GENERATE_INFOPLIST_FILE = YES;
				IPHONEOS_DEPLOYMENT_TARGET = 18.4;
				MACOSX_DEPLOYMENT_TARGET = 15.4;
				MARKETING_VERSION = 1.0;
				PRODUCT_BUNDLE_IDENTIFIER = sshlyk.pomidorUITests;
				PRODUCT_NAME = "$(TARGET_NAME)";
				SDKROOT = auto;
				SUPPORTED_PLATFORMS = "iphoneos iphonesimulator macosx xros xrsimulator";
				SWIFT_EMIT_LOC_STRINGS = NO;
				SWIFT_VERSION = 5.0;
				TARGETED_DEVICE_FAMILY = "1,2,7";
				TEST_TARGET_NAME = pomidor;
				XROS_DEPLOYMENT_TARGET = 2.4;
			};
			name = Release;
		};
/* End XCBuildConfiguration section */

/* Begin XCConfigurationList section */
		5CEFBCA22DBD5C6C0000D644 /* Build configuration list for PBXProject "pomidor" */ = {
			isa = XCConfigurationList;
			buildConfigurations = (
				5CEFBCC72DBD5C6D0000D644 /* Debug */,
				5CEFBCC82DBD5C6D0000D644 /* Release */,
			);
			defaultConfigurationIsVisible = 0;
			defaultConfigurationName = Release;
		};
		5CEFBCC92DBD5C6D0000D644 /* Build configuration list for PBXNativeTarget "pomidor" */ = {
			isa = XCConfigurationList;
			buildConfigurations = (
				5CEFBCCA2DBD5C6D0000D644 /* Debug */,
				5CEFBCCB2DBD5C6D0000D644 /* Release */,
			);
			defaultConfigurationIsVisible = 0;
			defaultConfigurationName = Release;
		};
		5CEFBCCC2DBD5C6D0000D644 /* Build configuration list for PBXNativeTarget "pomidorTests" */ = {
			isa = XCConfigurationList;
			buildConfigurations = (
				5CEFBCCD2DBD5C6D0000D644 /* Debug */,
				5CEFBCCE2DBD5C6D0000D644 /* Release */,
			);
			defaultConfigurationIsVisible = 0;
			defaultConfigurationName = Release;
		};
		5CEFBCCF2DBD5C6D0000D644 /* Build configuration list for PBXNativeTarget "pomidorUITests" */ = {
			isa = XCConfigurationList;
			buildConfigurations = (
				5CEFBCD02DBD5C6D0000D644 /* Debug */,
				5CEFBCD12DBD5C6D0000D644 /* Release */,
			);
			defaultConfigurationIsVisible = 0;
			defaultConfigurationName = Release;
		};
/* End XCConfigurationList section */
	};
	rootObject = 5CEFBC9F2DBD5C6C0000D644 /* Project object */;
}
